// !$*UTF8*$!
{
	archiveVersion = 1;
	classes = {
	};
	objectVersion = 50;
	objects = {

/* Begin PBXBuildFile section */
		4075FFDE277508CA0043C0AD /* pngfind.com-refresh-icon-png-transparent-4296335.png in Resources */ = {isa = PBXBuildFile; fileRef = 4075FFDD277508CA0043C0AD /* pngfind.com-refresh-icon-png-transparent-4296335.png */; };
		408FE32F2774B3F4004A1DA9 /* Alerts.swift in Sources */ = {isa = PBXBuildFile; fileRef = 408FE32E2774B3F4004A1DA9 /* Alerts.swift */; };
		409283A42751453F00918185 /* InfoViewController.swift in Sources */ = {isa = PBXBuildFile; fileRef = 409283A32751453F00918185 /* InfoViewController.swift */; };
		409283A82751479B00918185 /* UserDefaultsManager.swift in Sources */ = {isa = PBXBuildFile; fileRef = 409283A72751479B00918185 /* UserDefaultsManager.swift */; };
		409283AD27514A9D00918185 /* Teacher-PNG-Free-Image.png in Resources */ = {isa = PBXBuildFile; fileRef = 409283AC27514A9D00918185 /* Teacher-PNG-Free-Image.png */; };
		40931A56277253C000C28391 /* StartViewController.swift in Sources */ = {isa = PBXBuildFile; fileRef = 40931A55277253C000C28391 /* StartViewController.swift */; };
		40931A5A277258EB00C28391 /* unnamed (2).jpeg in Resources */ = {isa = PBXBuildFile; fileRef = 40931A59277258EB00C28391 /* unnamed (2).jpeg */; };
		40ACF156274BFB2E00BF2BD5 /* AppDelegate.swift in Sources */ = {isa = PBXBuildFile; fileRef = 40ACF155274BFB2E00BF2BD5 /* AppDelegate.swift */; };
		40ACF158274BFB2E00BF2BD5 /* SceneDelegate.swift in Sources */ = {isa = PBXBuildFile; fileRef = 40ACF157274BFB2E00BF2BD5 /* SceneDelegate.swift */; };
		40ACF15A274BFB2E00BF2BD5 /* ViewController.swift in Sources */ = {isa = PBXBuildFile; fileRef = 40ACF159274BFB2E00BF2BD5 /* ViewController.swift */; };
		40ACF15D274BFB2E00BF2BD5 /* Main.storyboard in Resources */ = {isa = PBXBuildFile; fileRef = 40ACF15B274BFB2E00BF2BD5 /* Main.storyboard */; };
		40ACF15F274BFB3300BF2BD5 /* Assets.xcassets in Resources */ = {isa = PBXBuildFile; fileRef = 40ACF15E274BFB3300BF2BD5 /* Assets.xcassets */; };
		40ACF162274BFB3300BF2BD5 /* LaunchScreen.storyboard in Resources */ = {isa = PBXBuildFile; fileRef = 40ACF160274BFB3300BF2BD5 /* LaunchScreen.storyboard */; };
		40ACF16C274BFBD400BF2BD5 /* CellTableViewCell.swift in Sources */ = {isa = PBXBuildFile; fileRef = 40ACF16A274BFBD400BF2BD5 /* CellTableViewCell.swift */; };
		40ACF16D274BFBD400BF2BD5 /* CellTableViewCell.xib in Resources */ = {isa = PBXBuildFile; fileRef = 40ACF16B274BFBD400BF2BD5 /* CellTableViewCell.xib */; };
		40ACF170274C3C5800BF2BD5 /* ScheduleModel.swift in Sources */ = {isa = PBXBuildFile; fileRef = 40ACF16F274C3C5800BF2BD5 /* ScheduleModel.swift */; };
		40ACF174274CE1A100BF2BD5 /* NetworkRequest.swift in Sources */ = {isa = PBXBuildFile; fileRef = 40ACF173274CE1A000BF2BD5 /* NetworkRequest.swift */; };
		40ACF177274CEC4F00BF2BD5 /* NetworkDataFetch.swift in Sources */ = {isa = PBXBuildFile; fileRef = 40ACF176274CEC4F00BF2BD5 /* NetworkDataFetch.swift */; };
		40F6E68D2773E8ED003FAB3F /* UIButton extension.swift in Sources */ = {isa = PBXBuildFile; fileRef = 40F6E68C2773E8ED003FAB3F /* UIButton extension.swift */; };
/* End PBXBuildFile section */

/* Begin PBXFileReference section */
		4075FFDD277508CA0043C0AD /* pngfind.com-refresh-icon-png-transparent-4296335.png */ = {isa = PBXFileReference; lastKnownFileType = image.png; name = "pngfind.com-refresh-icon-png-transparent-4296335.png"; path = "../../pngfind.com-refresh-icon-png-transparent-4296335.png"; sourceTree = "<group>"; };
		408FE32E2774B3F4004A1DA9 /* Alerts.swift */ = {isa = PBXFileReference; lastKnownFileType = sourcecode.swift; path = Alerts.swift; sourceTree = "<group>"; };
		409283A32751453F00918185 /* InfoViewController.swift */ = {isa = PBXFileReference; lastKnownFileType = sourcecode.swift; path = InfoViewController.swift; sourceTree = "<group>"; };
		409283A72751479B00918185 /* UserDefaultsManager.swift */ = {isa = PBXFileReference; lastKnownFileType = sourcecode.swift; path = UserDefaultsManager.swift; sourceTree = "<group>"; };
		409283AC27514A9D00918185 /* Teacher-PNG-Free-Image.png */ = {isa = PBXFileReference; lastKnownFileType = image.png; name = "Teacher-PNG-Free-Image.png"; path = "../../../Teacher-PNG-Free-Image.png"; sourceTree = "<group>"; };
		40931A55277253C000C28391 /* StartViewController.swift */ = {isa = PBXFileReference; lastKnownFileType = sourcecode.swift; path = StartViewController.swift; sourceTree = "<group>"; };
		40931A59277258EB00C28391 /* unnamed (2).jpeg */ = {isa = PBXFileReference; lastKnownFileType = image.jpeg; name = "unnamed (2).jpeg"; path = "../../unnamed (2).jpeg"; sourceTree = "<group>"; };
		40ACF152274BFB2E00BF2BD5 /* bsuir Json parse.app */ = {isa = PBXFileReference; explicitFileType = wrapper.application; includeInIndex = 0; path = "bsuir Json parse.app"; sourceTree = BUILT_PRODUCTS_DIR; };
		40ACF155274BFB2E00BF2BD5 /* AppDelegate.swift */ = {isa = PBXFileReference; lastKnownFileType = sourcecode.swift; path = AppDelegate.swift; sourceTree = "<group>"; };
		40ACF157274BFB2E00BF2BD5 /* SceneDelegate.swift */ = {isa = PBXFileReference; lastKnownFileType = sourcecode.swift; path = SceneDelegate.swift; sourceTree = "<group>"; };
		40ACF159274BFB2E00BF2BD5 /* ViewController.swift */ = {isa = PBXFileReference; lastKnownFileType = sourcecode.swift; path = ViewController.swift; sourceTree = "<group>"; };
		40ACF15C274BFB2E00BF2BD5 /* Base */ = {isa = PBXFileReference; lastKnownFileType = file.storyboard; name = Base; path = Base.lproj/Main.storyboard; sourceTree = "<group>"; };
		40ACF15E274BFB3300BF2BD5 /* Assets.xcassets */ = {isa = PBXFileReference; lastKnownFileType = folder.assetcatalog; path = Assets.xcassets; sourceTree = "<group>"; };
		40ACF161274BFB3300BF2BD5 /* Base */ = {isa = PBXFileReference; lastKnownFileType = file.storyboard; name = Base; path = Base.lproj/LaunchScreen.storyboard; sourceTree = "<group>"; };
		40ACF163274BFB3300BF2BD5 /* Info.plist */ = {isa = PBXFileReference; lastKnownFileType = text.plist.xml; path = Info.plist; sourceTree = "<group>"; };
		40ACF16A274BFBD400BF2BD5 /* CellTableViewCell.swift */ = {isa = PBXFileReference; lastKnownFileType = sourcecode.swift; path = CellTableViewCell.swift; sourceTree = "<group>"; };
		40ACF16B274BFBD400BF2BD5 /* CellTableViewCell.xib */ = {isa = PBXFileReference; lastKnownFileType = file.xib; path = CellTableViewCell.xib; sourceTree = "<group>"; };
		40ACF16F274C3C5800BF2BD5 /* ScheduleModel.swift */ = {isa = PBXFileReference; lastKnownFileType = sourcecode.swift; path = ScheduleModel.swift; sourceTree = "<group>"; };
		40ACF173274CE1A000BF2BD5 /* NetworkRequest.swift */ = {isa = PBXFileReference; lastKnownFileType = sourcecode.swift; path = NetworkRequest.swift; sourceTree = "<group>"; };
		40ACF176274CEC4F00BF2BD5 /* NetworkDataFetch.swift */ = {isa = PBXFileReference; lastKnownFileType = sourcecode.swift; path = NetworkDataFetch.swift; sourceTree = "<group>"; };
		40B137E42784E280004322D9 /* pngfind.com-refresh-icon-png-transparent-4296335.png */ = {isa = PBXFileReference; lastKnownFileType = image.png; path = "pngfind.com-refresh-icon-png-transparent-4296335.png"; sourceTree = "<group>"; };
		40F6E68C2773E8ED003FAB3F /* UIButton extension.swift */ = {isa = PBXFileReference; lastKnownFileType = sourcecode.swift; path = "UIButton extension.swift"; sourceTree = "<group>"; };
/* End PBXFileReference section */

/* Begin PBXFrameworksBuildPhase section */
		40ACF14F274BFB2E00BF2BD5 /* Frameworks */ = {
			isa = PBXFrameworksBuildPhase;
			buildActionMask = 2147483647;
			files = (
			);
			runOnlyForDeploymentPostprocessing = 0;
		};
/* End PBXFrameworksBuildPhase section */

/* Begin PBXGroup section */
		4065F2EC2792E327009D7BBD /* Model */ = {
			isa = PBXGroup;
			children = (
				40ACF16F274C3C5800BF2BD5 /* ScheduleModel.swift */,
			);
			path = Model;
			sourceTree = "<group>";
		};
		4065F2EE2792E37D009D7BBD /* Controllers */ = {
			isa = PBXGroup;
			children = (
				40931A55277253C000C28391 /* StartViewController.swift */,
				40ACF159274BFB2E00BF2BD5 /* ViewController.swift */,
				409283A32751453F00918185 /* InfoViewController.swift */,
			);
			path = Controllers;
			sourceTree = "<group>";
		};
		4065F2EF2792E3C2009D7BBD /* Extensions */ = {
			isa = PBXGroup;
			children = (
				40F6E68C2773E8ED003FAB3F /* UIButton extension.swift */,
			);
			path = Extensions;
			sourceTree = "<group>";
		};
		4065F2F02792E426009D7BBD /* TableView Cell */ = {
			isa = PBXGroup;
			children = (
				40ACF16A274BFBD400BF2BD5 /* CellTableViewCell.swift */,
				40ACF16B274BFBD400BF2BD5 /* CellTableViewCell.xib */,
			);
			path = "TableView Cell";
			sourceTree = "<group>";
		};
		409283A62751476700918185 /* UserDefaultsManager */ = {
			isa = PBXGroup;
			children = (
				409283A72751479B00918185 /* UserDefaultsManager.swift */,
			);
			path = UserDefaultsManager;
			sourceTree = "<group>";
		};
		409283AB27514A7800918185 /* Image Set */ = {
			isa = PBXGroup;
			children = (
				409283AC27514A9D00918185 /* Teacher-PNG-Free-Image.png */,
				40B137E42784E280004322D9 /* pngfind.com-refresh-icon-png-transparent-4296335.png */,
			);
			path = "Image Set";
			sourceTree = "<group>";
		};
		40ACF149274BFB2D00BF2BD5 = {
			isa = PBXGroup;
			children = (
				40ACF154274BFB2E00BF2BD5 /* bsuir Json parse */,
				40ACF153274BFB2E00BF2BD5 /* Products */,
			);
			sourceTree = "<group>";
		};
		40ACF153274BFB2E00BF2BD5 /* Products */ = {
			isa = PBXGroup;
			children = (
				40ACF152274BFB2E00BF2BD5 /* bsuir Json parse.app */,
			);
			name = Products;
			sourceTree = "<group>";
		};
		40ACF154274BFB2E00BF2BD5 /* bsuir Json parse */ = {
			isa = PBXGroup;
			children = (
				4065F2EE2792E37D009D7BBD /* Controllers */,
				4075FFDD277508CA0043C0AD /* pngfind.com-refresh-icon-png-transparent-4296335.png */,
				4065F2EC2792E327009D7BBD /* Model */,
				4065F2EF2792E3C2009D7BBD /* Extensions */,
				409283AB27514A7800918185 /* Image Set */,
				409283A62751476700918185 /* UserDefaultsManager */,
				40ACF172274CE17C00BF2BD5 /* Network */,
				4065F2F02792E426009D7BBD /* TableView Cell */,
				40ACF155274BFB2E00BF2BD5 /* AppDelegate.swift */,
				40ACF157274BFB2E00BF2BD5 /* SceneDelegate.swift */,
				40931A59277258EB00C28391 /* unnamed (2).jpeg */,
				40ACF15B274BFB2E00BF2BD5 /* Main.storyboard */,
				40ACF15E274BFB3300BF2BD5 /* Assets.xcassets */,
				40ACF160274BFB3300BF2BD5 /* LaunchScreen.storyboard */,
				40ACF163274BFB3300BF2BD5 /* Info.plist */,
				408FE32E2774B3F4004A1DA9 /* Alerts.swift */,
			);
			path = "bsuir Json parse";
			sourceTree = "<group>";
		};
		40ACF172274CE17C00BF2BD5 /* Network */ = {
			isa = PBXGroup;
			children = (
				40ACF173274CE1A000BF2BD5 /* NetworkRequest.swift */,
				40ACF176274CEC4F00BF2BD5 /* NetworkDataFetch.swift */,
			);
			path = Network;
			sourceTree = "<group>";
		};
/* End PBXGroup section */

/* Begin PBXNativeTarget section */
		40ACF151274BFB2E00BF2BD5 /* bsuir Json parse */ = {
			isa = PBXNativeTarget;
			buildConfigurationList = 40ACF166274BFB3300BF2BD5 /* Build configuration list for PBXNativeTarget "bsuir Json parse" */;
			buildPhases = (
				40ACF14E274BFB2E00BF2BD5 /* Sources */,
				40ACF14F274BFB2E00BF2BD5 /* Frameworks */,
				40ACF150274BFB2E00BF2BD5 /* Resources */,
			);
			buildRules = (
			);
			dependencies = (
			);
			name = "bsuir Json parse";
			productName = "bsuir Json parse";
			productReference = 40ACF152274BFB2E00BF2BD5 /* bsuir Json parse.app */;
			productType = "com.apple.product-type.application";
		};
/* End PBXNativeTarget section */

/* Begin PBXProject section */
		40ACF14A274BFB2D00BF2BD5 /* Project object */ = {
			isa = PBXProject;
			attributes = {
				LastSwiftUpdateCheck = 1240;
				LastUpgradeCheck = 1240;
				TargetAttributes = {
					40ACF151274BFB2E00BF2BD5 = {
						CreatedOnToolsVersion = 12.4;
					};
				};
			};
			buildConfigurationList = 40ACF14D274BFB2D00BF2BD5 /* Build configuration list for PBXProject "bsuir Json parse" */;
			compatibilityVersion = "Xcode 9.3";
			developmentRegion = en;
			hasScannedForEncodings = 0;
			knownRegions = (
				en,
				Base,
			);
			mainGroup = 40ACF149274BFB2D00BF2BD5;
			productRefGroup = 40ACF153274BFB2E00BF2BD5 /* Products */;
			projectDirPath = "";
			projectRoot = "";
			targets = (
				40ACF151274BFB2E00BF2BD5 /* bsuir Json parse */,
			);
		};
/* End PBXProject section */

/* Begin PBXResourcesBuildPhase section */
		40ACF150274BFB2E00BF2BD5 /* Resources */ = {
			isa = PBXResourcesBuildPhase;
			buildActionMask = 2147483647;
			files = (
				4075FFDE277508CA0043C0AD /* pngfind.com-refresh-icon-png-transparent-4296335.png in Resources */,
				40ACF162274BFB3300BF2BD5 /* LaunchScreen.storyboard in Resources */,
				40ACF16D274BFBD400BF2BD5 /* CellTableViewCell.xib in Resources */,
				40ACF15F274BFB3300BF2BD5 /* Assets.xcassets in Resources */,
				40ACF15D274BFB2E00BF2BD5 /* Main.storyboard in Resources */,
				409283AD27514A9D00918185 /* Teacher-PNG-Free-Image.png in Resources */,
				40931A5A277258EB00C28391 /* unnamed (2).jpeg in Resources */,
			);
			runOnlyForDeploymentPostprocessing = 0;
		};
/* End PBXResourcesBuildPhase section */

/* Begin PBXSourcesBuildPhase section */
		40ACF14E274BFB2E00BF2BD5 /* Sources */ = {
			isa = PBXSourcesBuildPhase;
			buildActionMask = 2147483647;
			files = (
				40ACF15A274BFB2E00BF2BD5 /* ViewController.swift in Sources */,
				40ACF16C274BFBD400BF2BD5 /* CellTableViewCell.swift in Sources */,
				40ACF177274CEC4F00BF2BD5 /* NetworkDataFetch.swift in Sources */,
				40ACF170274C3C5800BF2BD5 /* ScheduleModel.swift in Sources */,
				40F6E68D2773E8ED003FAB3F /* UIButton extension.swift in Sources */,
				40ACF156274BFB2E00BF2BD5 /* AppDelegate.swift in Sources */,
				40931A56277253C000C28391 /* StartViewController.swift in Sources */,
				409283A82751479B00918185 /* UserDefaultsManager.swift in Sources */,
				40ACF174274CE1A100BF2BD5 /* NetworkRequest.swift in Sources */,
				409283A42751453F00918185 /* InfoViewController.swift in Sources */,
				408FE32F2774B3F4004A1DA9 /* Alerts.swift in Sources */,
				40ACF158274BFB2E00BF2BD5 /* SceneDelegate.swift in Sources */,
			);
			runOnlyForDeploymentPostprocessing = 0;
		};
/* End PBXSourcesBuildPhase section */

/* Begin PBXVariantGroup section */
		40ACF15B274BFB2E00BF2BD5 /* Main.storyboard */ = {
			isa = PBXVariantGroup;
			children = (
				40ACF15C274BFB2E00BF2BD5 /* Base */,
			);
			name = Main.storyboard;
			sourceTree = "<group>";
		};
		40ACF160274BFB3300BF2BD5 /* LaunchScreen.storyboard */ = {
			isa = PBXVariantGroup;
			children = (
				40ACF161274BFB3300BF2BD5 /* Base */,
			);
			name = LaunchScreen.storyboard;
			sourceTree = "<group>";
		};
/* End PBXVariantGroup section */

/* Begin XCBuildConfiguration section */
		40ACF164274BFB3300BF2BD5 /* Debug */ = {
			isa = XCBuildConfiguration;
			buildSettings = {
				ALWAYS_SEARCH_USER_PATHS = NO;
				CLANG_ANALYZER_NONNULL = YES;
				CLANG_ANALYZER_NUMBER_OBJECT_CONVERSION = YES_AGGRESSIVE;
				CLANG_CXX_LANGUAGE_STANDARD = "gnu++14";
				CLANG_CXX_LIBRARY = "libc++";
				CLANG_ENABLE_MODULES = YES;
				CLANG_ENABLE_OBJC_ARC = YES;
				CLANG_ENABLE_OBJC_WEAK = YES;
				CLANG_WARN_BLOCK_CAPTURE_AUTORELEASING = YES;
				CLANG_WARN_BOOL_CONVERSION = YES;
				CLANG_WARN_COMMA = YES;
				CLANG_WARN_CONSTANT_CONVERSION = YES;
				CLANG_WARN_DEPRECATED_OBJC_IMPLEMENTATIONS = YES;
				CLANG_WARN_DIRECT_OBJC_ISA_USAGE = YES_ERROR;
				CLANG_WARN_DOCUMENTATION_COMMENTS = YES;
				CLANG_WARN_EMPTY_BODY = YES;
				CLANG_WARN_ENUM_CONVERSION = YES;
				CLANG_WARN_INFINITE_RECURSION = YES;
				CLANG_WARN_INT_CONVERSION = YES;
				CLANG_WARN_NON_LITERAL_NULL_CONVERSION = YES;
				CLANG_WARN_OBJC_IMPLICIT_RETAIN_SELF = YES;
				CLANG_WARN_OBJC_LITERAL_CONVERSION = YES;
				CLANG_WARN_OBJC_ROOT_CLASS = YES_ERROR;
				CLANG_WARN_QUOTED_INCLUDE_IN_FRAMEWORK_HEADER = YES;
				CLANG_WARN_RANGE_LOOP_ANALYSIS = YES;
				CLANG_WARN_STRICT_PROTOTYPES = YES;
				CLANG_WARN_SUSPICIOUS_MOVE = YES;
				CLANG_WARN_UNGUARDED_AVAILABILITY = YES_AGGRESSIVE;
				CLANG_WARN_UNREACHABLE_CODE = YES;
				CLANG_WARN__DUPLICATE_METHOD_MATCH = YES;
				COPY_PHASE_STRIP = NO;
				DEBUG_INFORMATION_FORMAT = dwarf;
				ENABLE_STRICT_OBJC_MSGSEND = YES;
				ENABLE_TESTABILITY = YES;
				GCC_C_LANGUAGE_STANDARD = gnu11;
				GCC_DYNAMIC_NO_PIC = NO;
				GCC_NO_COMMON_BLOCKS = YES;
				GCC_OPTIMIZATION_LEVEL = 0;
				GCC_PREPROCESSOR_DEFINITIONS = (
					"DEBUG=1",
					"$(inherited)",
				);
				GCC_WARN_64_TO_32_BIT_CONVERSION = YES;
				GCC_WARN_ABOUT_RETURN_TYPE = YES_ERROR;
				GCC_WARN_UNDECLARED_SELECTOR = YES;
				GCC_WARN_UNINITIALIZED_AUTOS = YES_AGGRESSIVE;
				GCC_WARN_UNUSED_FUNCTION = YES;
				GCC_WARN_UNUSED_VARIABLE = YES;
				IPHONEOS_DEPLOYMENT_TARGET = 14.4;
				MTL_ENABLE_DEBUG_INFO = INCLUDE_SOURCE;
				MTL_FAST_MATH = YES;
				ONLY_ACTIVE_ARCH = YES;
				SDKROOT = iphoneos;
				SWIFT_ACTIVE_COMPILATION_CONDITIONS = DEBUG;
				SWIFT_OPTIMIZATION_LEVEL = "-Onone";
			};
			name = Debug;
		};
		40ACF165274BFB3300BF2BD5 /* Release */ = {
			isa = XCBuildConfiguration;
			buildSettings = {
				ALWAYS_SEARCH_USER_PATHS = NO;
				CLANG_ANALYZER_NONNULL = YES;
				CLANG_ANALYZER_NUMBER_OBJECT_CONVERSION = YES_AGGRESSIVE;
				CLANG_CXX_LANGUAGE_STANDARD = "gnu++14";
				CLANG_CXX_LIBRARY = "libc++";
				CLANG_ENABLE_MODULES = YES;
				CLANG_ENABLE_OBJC_ARC = YES;
				CLANG_ENABLE_OBJC_WEAK = YES;
				CLANG_WARN_BLOCK_CAPTURE_AUTORELEASING = YES;
				CLANG_WARN_BOOL_CONVERSION = YES;
				CLANG_WARN_COMMA = YES;
				CLANG_WARN_CONSTANT_CONVERSION = YES;
				CLANG_WARN_DEPRECATED_OBJC_IMPLEMENTATIONS = YES;
				CLANG_WARN_DIRECT_OBJC_ISA_USAGE = YES_ERROR;
				CLANG_WARN_DOCUMENTATION_COMMENTS = YES;
				CLANG_WARN_EMPTY_BODY = YES;
				CLANG_WARN_ENUM_CONVERSION = YES;
				CLANG_WARN_INFINITE_RECURSION = YES;
				CLANG_WARN_INT_CONVERSION = YES;
				CLANG_WARN_NON_LITERAL_NULL_CONVERSION = YES;
				CLANG_WARN_OBJC_IMPLICIT_RETAIN_SELF = YES;
				CLANG_WARN_OBJC_LITERAL_CONVERSION = YES;
				CLANG_WARN_OBJC_ROOT_CLASS = YES_ERROR;
				CLANG_WARN_QUOTED_INCLUDE_IN_FRAMEWORK_HEADER = YES;
				CLANG_WARN_RANGE_LOOP_ANALYSIS = YES;
				CLANG_WARN_STRICT_PROTOTYPES = YES;
				CLANG_WARN_SUSPICIOUS_MOVE = YES;
				CLANG_WARN_UNGUARDED_AVAILABILITY = YES_AGGRESSIVE;
				CLANG_WARN_UNREACHABLE_CODE = YES;
				CLANG_WARN__DUPLICATE_METHOD_MATCH = YES;
				COPY_PHASE_STRIP = NO;
				DEBUG_INFORMATION_FORMAT = "dwarf-with-dsym";
				ENABLE_NS_ASSERTIONS = NO;
				ENABLE_STRICT_OBJC_MSGSEND = YES;
				GCC_C_LANGUAGE_STANDARD = gnu11;
				GCC_NO_COMMON_BLOCKS = YES;
				GCC_WARN_64_TO_32_BIT_CONVERSION = YES;
				GCC_WARN_ABOUT_RETURN_TYPE = YES_ERROR;
				GCC_WARN_UNDECLARED_SELECTOR = YES;
				GCC_WARN_UNINITIALIZED_AUTOS = YES_AGGRESSIVE;
				GCC_WARN_UNUSED_FUNCTION = YES;
				GCC_WARN_UNUSED_VARIABLE = YES;
				IPHONEOS_DEPLOYMENT_TARGET = 14.4;
				MTL_ENABLE_DEBUG_INFO = NO;
				MTL_FAST_MATH = YES;
				SDKROOT = iphoneos;
				SWIFT_COMPILATION_MODE = wholemodule;
				SWIFT_OPTIMIZATION_LEVEL = "-O";
				VALIDATE_PRODUCT = YES;
			};
			name = Release;
		};
		40ACF167274BFB3300BF2BD5 /* Debug */ = {
			isa = XCBuildConfiguration;
			buildSettings = {
				ASSETCATALOG_COMPILER_APPICON_NAME = AppIcon;
				ASSETCATALOG_COMPILER_GLOBAL_ACCENT_COLOR_NAME = AccentColor;
				CODE_SIGN_STYLE = Automatic;
				DEVELOPMENT_TEAM = KBAYZWJ286;
				INFOPLIST_FILE = "bsuir Json parse/Info.plist";
				LD_RUNPATH_SEARCH_PATHS = (
					"$(inherited)",
					"@executable_path/Frameworks",
				);
				PRODUCT_BUNDLE_IDENTIFIER = "ls4.bsuir-Json-parse";
				PRODUCT_NAME = "$(TARGET_NAME)";
				SWIFT_VERSION = 5.0;
				TARGETED_DEVICE_FAMILY = "1,2";
			};
			name = Debug;
		};
		40ACF168274BFB3300BF2BD5 /* Release */ = {
			isa = XCBuildConfiguration;
			buildSettings = {
				ASSETCATALOG_COMPILER_APPICON_NAME = AppIcon;
				ASSETCATALOG_COMPILER_GLOBAL_ACCENT_COLOR_NAME = AccentColor;
				CODE_SIGN_STYLE = Automatic;
				DEVELOPMENT_TEAM = KBAYZWJ286;
				INFOPLIST_FILE = "bsuir Json parse/Info.plist";
				LD_RUNPATH_SEARCH_PATHS = (
					"$(inherited)",
					"@executable_path/Frameworks",
				);
				PRODUCT_BUNDLE_IDENTIFIER = "ls4.bsuir-Json-parse";
				PRODUCT_NAME = "$(TARGET_NAME)";
				SWIFT_VERSION = 5.0;
				TARGETED_DEVICE_FAMILY = "1,2";
			};
			name = Release;
		};
/* End XCBuildConfiguration section */

/* Begin XCConfigurationList section */
		40ACF14D274BFB2D00BF2BD5 /* Build configuration list for PBXProject "bsuir Json parse" */ = {
			isa = XCConfigurationList;
			buildConfigurations = (
				40ACF164274BFB3300BF2BD5 /* Debug */,
				40ACF165274BFB3300BF2BD5 /* Release */,
			);
			defaultConfigurationIsVisible = 0;
			defaultConfigurationName = Release;
		};
		40ACF166274BFB3300BF2BD5 /* Build configuration list for PBXNativeTarget "bsuir Json parse" */ = {
			isa = XCConfigurationList;
			buildConfigurations = (
				40ACF167274BFB3300BF2BD5 /* Debug */,
				40ACF168274BFB3300BF2BD5 /* Release */,
			);
			defaultConfigurationIsVisible = 0;
			defaultConfigurationName = Release;
		};
/* End XCConfigurationList section */
	};
	rootObject = 40ACF14A274BFB2D00BF2BD5 /* Project object */;
}
